
Microsoft Visual Studio Solution File, Format Version 12.00
# Visual Studio Version 17
VisualStudioVersion = 17.14.36414.22 d17.14
MinimumVisualStudioVersion = 10.0.40219.1
Project("{FAE04EC0-301F-11D3-BF4B-00C04F79EFBC}") = "IfAndElseMethodCall2", "IfAndElseMethodCall2\IfAndElseMethodCall2.csproj", "{40144656-8F99-4668-9D46-380827ED576C}"
EndProject
Global
	GlobalSection(SolutionConfigurationPlatforms) = preSolution
		Debug|Any CPU = Debug|Any CPU
		Release|Any CPU = Release|Any CPU
	EndGlobalSection
	GlobalSection(ProjectConfigurationPlatforms) = postSolution
		{40144656-8F99-4668-9D46-380827ED576C}.Debug|Any CPU.ActiveCfg = Debug|Any CPU
		{40144656-8F99-4668-9D46-380827ED576C}.Debug|Any CPU.Build.0 = Debug|Any CPU
		{40144656-8F99-4668-9D46-380827ED576C}.Release|Any CPU.ActiveCfg = Release|Any CPU
		{40144656-8F99-4668-9D46-380827ED576C}.Release|Any CPU.Build.0 = Release|Any CPU
	EndGlobalSection
	GlobalSection(SolutionProperties) = preSolution
		HideSolutionNode = FALSE
	EndGlobalSection
	GlobalSection(ExtensibilityGlobals) = postSolution
		SolutionGuid = {C9212A40-66D1-4C18-9368-AED8119A994E}
	EndGlobalSection
EndGlobal
