
Microsoft Visual Studio Solution File, Format Version 12.00
# Visual Studio Version 17
VisualStudioVersion = 17.14.36414.22 d17.14
MinimumVisualStudioVersion = 10.0.40219.1
Project("{FAE04EC0-301F-11D3-BF4B-00C04F79EFBC}") = "Intro", "Intro\Intro.csproj", "{A305EB16-CE72-4E5F-B6CB-0FB6E36F6097}"
EndProject
Global
	GlobalSection(SolutionConfigurationPlatforms) = preSolution
		Debug|Any CPU = Debug|Any CPU
		Release|Any CPU = Release|Any CPU
	EndGlobalSection
	GlobalSection(ProjectConfigurationPlatforms) = postSolution
		{A305EB16-CE72-4E5F-B6CB-0FB6E36F6097}.Debug|Any CPU.ActiveCfg = Debug|Any CPU
		{A305EB16-CE72-4E5F-B6CB-0FB6E36F6097}.Debug|Any CPU.Build.0 = Debug|Any CPU
		{A305EB16-CE72-4E5F-B6CB-0FB6E36F6097}.Release|Any CPU.ActiveCfg = Release|Any CPU
		{A305EB16-CE72-4E5F-B6CB-0FB6E36F6097}.Release|Any CPU.Build.0 = Release|Any CPU
	EndGlobalSection
	GlobalSection(SolutionProperties) = preSolution
		HideSolutionNode = FALSE
	EndGlobalSection
	GlobalSection(ExtensibilityGlobals) = postSolution
		SolutionGuid = {A727C964-76AF-4885-9E11-85AF532E3BEA}
	EndGlobalSection
EndGlobal
