
Microsoft Visual Studio Solution File, Format Version 12.00
# Visual Studio Version 17
VisualStudioVersion = 17.14.36414.22 d17.14
MinimumVisualStudioVersion = 10.0.40219.1
Project("{FAE04EC0-301F-11D3-BF4B-00C04F79EFBC}") = "Switch", "Switch\Switch.csproj", "{DDC96192-7747-4172-8057-395F21E49B3C}"
EndProject
Global
	GlobalSection(SolutionConfigurationPlatforms) = preSolution
		Debug|Any CPU = Debug|Any CPU
		Release|Any CPU = Release|Any CPU
	EndGlobalSection
	GlobalSection(ProjectConfigurationPlatforms) = postSolution
		{DDC96192-7747-4172-8057-395F21E49B3C}.Debug|Any CPU.ActiveCfg = Debug|Any CPU
		{DDC96192-7747-4172-8057-395F21E49B3C}.Debug|Any CPU.Build.0 = Debug|Any CPU
		{DDC96192-7747-4172-8057-395F21E49B3C}.Release|Any CPU.ActiveCfg = Release|Any CPU
		{DDC96192-7747-4172-8057-395F21E49B3C}.Release|Any CPU.Build.0 = Release|Any CPU
	EndGlobalSection
	GlobalSection(SolutionProperties) = preSolution
		HideSolutionNode = FALSE
	EndGlobalSection
	GlobalSection(ExtensibilityGlobals) = postSolution
		SolutionGuid = {BCCA9383-231F-451D-B543-AA0DFDD3A56D}
	EndGlobalSection
EndGlobal
