
Microsoft Visual Studio Solution File, Format Version 12.00
# Visual Studio Version 17
VisualStudioVersion = 17.14.36414.22 d17.14
MinimumVisualStudioVersion = 10.0.40219.1
Project("{FAE04EC0-301F-11D3-BF4B-00C04F79EFBC}") = "ForCircle", "ForCircle\ForCircle.csproj", "{C9968537-6D72-4A1D-99EF-07D4F507B594}"
EndProject
Global
	GlobalSection(SolutionConfigurationPlatforms) = preSolution
		Debug|Any CPU = Debug|Any CPU
		Release|Any CPU = Release|Any CPU
	EndGlobalSection
	GlobalSection(ProjectConfigurationPlatforms) = postSolution
		{C9968537-6D72-4A1D-99EF-07D4F507B594}.Debug|Any CPU.ActiveCfg = Debug|Any CPU
		{C9968537-6D72-4A1D-99EF-07D4F507B594}.Debug|Any CPU.Build.0 = Debug|Any CPU
		{C9968537-6D72-4A1D-99EF-07D4F507B594}.Release|Any CPU.ActiveCfg = Release|Any CPU
		{C9968537-6D72-4A1D-99EF-07D4F507B594}.Release|Any CPU.Build.0 = Release|Any CPU
	EndGlobalSection
	GlobalSection(SolutionProperties) = preSolution
		HideSolutionNode = FALSE
	EndGlobalSection
	GlobalSection(ExtensibilityGlobals) = postSolution
		SolutionGuid = {87496ED6-FA22-4604-BE6C-1273144A735A}
	EndGlobalSection
EndGlobal
