
Microsoft Visual Studio Solution File, Format Version 12.00
# Visual Studio Version 17
VisualStudioVersion = 17.14.36414.22 d17.14
MinimumVisualStudioVersion = 10.0.40219.1
Project("{FAE04EC0-301F-11D3-BF4B-00C04F79EFBC}") = "ArrayString", "ArrayString\ArrayString.csproj", "{4DF3FBA3-10D0-40F6-A2DC-5BB4B6A8EB90}"
EndProject
Global
	GlobalSection(SolutionConfigurationPlatforms) = preSolution
		Debug|Any CPU = Debug|Any CPU
		Release|Any CPU = Release|Any CPU
	EndGlobalSection
	GlobalSection(ProjectConfigurationPlatforms) = postSolution
		{4DF3FBA3-10D0-40F6-A2DC-5BB4B6A8EB90}.Debug|Any CPU.ActiveCfg = Debug|Any CPU
		{4DF3FBA3-10D0-40F6-A2DC-5BB4B6A8EB90}.Debug|Any CPU.Build.0 = Debug|Any CPU
		{4DF3FBA3-10D0-40F6-A2DC-5BB4B6A8EB90}.Release|Any CPU.ActiveCfg = Release|Any CPU
		{4DF3FBA3-10D0-40F6-A2DC-5BB4B6A8EB90}.Release|Any CPU.Build.0 = Release|Any CPU
	EndGlobalSection
	GlobalSection(SolutionProperties) = preSolution
		HideSolutionNode = FALSE
	EndGlobalSection
	GlobalSection(ExtensibilityGlobals) = postSolution
		SolutionGuid = {C079F3AA-39FA-4E24-8290-76B9B6C87E18}
	EndGlobalSection
EndGlobal
